# This file is automatically @generated by Cargo.
# It is not intended for manual editing.
version = 3

[[package]]
name = "Inflector"
version = "0.11.4"
source = "registry+https://github.com/rust-lang/crates.io-index"
checksum = "fe438c63458706e03479442743baae6c88256498e6431708f6dfc520a26515d3"

[[package]]
name = "autocfg"
version = "1.1.0"
source = "registry+https://github.com/rust-lang/crates.io-index"
checksum = "d468802bab17cbc0cc575e9b053f41e72aa36bfa6b7f55e3529ffa43161b97fa"

[[package]]
name = "base64"
version = "0.21.7"
source = "registry+https://github.com/rust-lang/crates.io-index"
checksum = "9d297deb1925b89f2ccc13d7635fa0714f12c87adce1c75356b39ca9b7178567"

[[package]]
name = "borsh"
version = "1.4.0"
source = "registry+https://github.com/rust-lang/crates.io-index"
checksum = "0901fc8eb0aca4c83be0106d6f2db17d86a08dfc2c25f0e84464bf381158add6"
dependencies = [
 "borsh-derive",
 "cfg_aliases",
]

[[package]]
name = "borsh-derive"
version = "1.4.0"
source = "registry+https://github.com/rust-lang/crates.io-index"
checksum = "51670c3aa053938b0ee3bd67c3817e471e626151131b934038e83c5bf8de48f5"
dependencies = [
 "once_cell",
 "proc-macro-crate",
 "proc-macro2",
 "quote",
 "syn 2.0.60",
 "syn_derive",
]

[[package]]
name = "bs58"
version = "0.5.1"
source = "registry+https://github.com/rust-lang/crates.io-index"
checksum = "bf88ba1141d185c399bee5288d850d63b8369520c1eafc32a0430b5b6c287bf4"
dependencies = [
 "tinyvec",
]

[[package]]
name = "byteorder"
version = "1.4.3"
source = "registry+https://github.com/rust-lang/crates.io-index"
checksum = "14c189c53d098945499cdfa7ecc63567cf3886b3332b312a5b4585d8d3a6a610"

[[package]]
name = "cfg-if"
version = "0.1.10"
source = "registry+https://github.com/rust-lang/crates.io-index"
checksum = "4785bdd1c96b2a846b2bd7cc02e86b6b3dbf14e7e53446c4f54c92a361040822"

[[package]]
name = "cfg-if"
version = "1.0.0"
source = "registry+https://github.com/rust-lang/crates.io-index"
checksum = "baf1de4339761588bc0619e3cbc0120ee582ebb74b53b4efbf79117bd2da40fd"

[[package]]
name = "cfg_aliases"
version = "0.1.1"
source = "registry+https://github.com/rust-lang/crates.io-index"
checksum = "fd16c4719339c4530435d38e511904438d07cce7950afa3718a84ac36c10e89e"

[[package]]
name = "crunchy"
version = "0.2.2"
source = "registry+https://github.com/rust-lang/crates.io-index"
checksum = "7a81dae078cea95a014a339291cec439d2f232ebe854a9d672b796c6afafa9b7"

[[package]]
name = "darling"
version = "0.20.8"
source = "registry+https://github.com/rust-lang/crates.io-index"
checksum = "54e36fcd13ed84ffdfda6f5be89b31287cbb80c439841fe69e04841435464391"
dependencies = [
 "darling_core",
 "darling_macro",
]

[[package]]
name = "darling_core"
version = "0.20.8"
source = "registry+https://github.com/rust-lang/crates.io-index"
checksum = "9c2cf1c23a687a1feeb728783b993c4e1ad83d99f351801977dd809b48d0a70f"
dependencies = [
 "fnv",
 "ident_case",
 "proc-macro2",
 "quote",
 "syn 2.0.60",
]

[[package]]
name = "darling_macro"
version = "0.20.8"
source = "registry+https://github.com/rust-lang/crates.io-index"
checksum = "a668eda54683121533a393014d8692171709ff57a7d61f187b6e782719f8933f"
dependencies = [
 "darling_core",
 "quote",
 "syn 2.0.60",
]

[[package]]
name = "equivalent"
version = "1.0.1"
source = "registry+https://github.com/rust-lang/crates.io-index"
checksum = "5443807d6dff69373d433ab9ef5378ad8df50ca6298caf15de6e52e24aaf54d5"

[[package]]
name = "fnv"
version = "1.0.7"
source = "registry+https://github.com/rust-lang/crates.io-index"
checksum = "3f9eec918d3f24069decb9af1554cad7c880e2da24a9afd88aca000531ab82c1"

[[package]]
name = "futures"
version = "0.3.24"
source = "registry+https://github.com/rust-lang/crates.io-index"
checksum = "7f21eda599937fba36daeb58a22e8f5cee2d14c4a17b5b7739c7c8e5e3b8230c"
dependencies = [
 "futures-channel",
 "futures-core",
 "futures-executor",
 "futures-io",
 "futures-sink",
 "futures-task",
 "futures-util",
]

[[package]]
name = "futures-channel"
version = "0.3.24"
source = "registry+https://github.com/rust-lang/crates.io-index"
checksum = "30bdd20c28fadd505d0fd6712cdfcb0d4b5648baf45faef7f852afb2399bb050"
dependencies = [
 "futures-core",
 "futures-sink",
]

[[package]]
name = "futures-core"
version = "0.3.24"
source = "registry+https://github.com/rust-lang/crates.io-index"
checksum = "4e5aa3de05362c3fb88de6531e6296e85cde7739cccad4b9dfeeb7f6ebce56bf"

[[package]]
name = "futures-executor"
version = "0.3.24"
source = "registry+https://github.com/rust-lang/crates.io-index"
checksum = "9ff63c23854bee61b6e9cd331d523909f238fc7636290b96826e9cfa5faa00ab"
dependencies = [
 "futures-core",
 "futures-task",
 "futures-util",
]

[[package]]
name = "futures-io"
version = "0.3.24"
source = "registry+https://github.com/rust-lang/crates.io-index"
checksum = "bbf4d2a7a308fd4578637c0b17c7e1c7ba127b8f6ba00b29f717e9655d85eb68"

[[package]]
name = "futures-macro"
version = "0.3.24"
source = "registry+https://github.com/rust-lang/crates.io-index"
checksum = "42cd15d1c7456c04dbdf7e88bcd69760d74f3a798d6444e16974b505b0e62f17"
dependencies = [
 "proc-macro2",
 "quote",
 "syn 1.0.99",
]

[[package]]
name = "futures-sink"
version = "0.3.24"
source = "registry+https://github.com/rust-lang/crates.io-index"
checksum = "21b20ba5a92e727ba30e72834706623d94ac93a725410b6a6b6fbc1b07f7ba56"

[[package]]
name = "futures-task"
version = "0.3.24"
source = "registry+https://github.com/rust-lang/crates.io-index"
checksum = "a6508c467c73851293f390476d4491cf4d227dbabcd4170f3bb6044959b294f1"

[[package]]
name = "futures-timer"
version = "3.0.2"
source = "registry+https://github.com/rust-lang/crates.io-index"
checksum = "e64b03909df88034c26dc1547e8970b91f98bdb65165d6a4e9110d94263dbb2c"

[[package]]
name = "futures-util"
version = "0.3.24"
source = "registry+https://github.com/rust-lang/crates.io-index"
checksum = "44fb6cb1be61cc1d2e43b262516aafcf63b241cffdb1d3fa115f91d9c7b09c90"
dependencies = [
 "futures-channel",
 "futures-core",
 "futures-io",
 "futures-macro",
 "futures-sink",
 "futures-task",
 "memchr",
 "pin-project-lite",
 "pin-utils",
 "slab",
]

[[package]]
name = "hashbrown"
version = "0.14.3"
source = "registry+https://github.com/rust-lang/crates.io-index"
checksum = "290f1a1d9242c78d09ce40a5e87e7554ee637af1351968159f4952f028f75604"

[[package]]
name = "heck"
version = "0.4.1"
source = "registry+https://github.com/rust-lang/crates.io-index"
checksum = "95505c38b4572b2d910cecb0281560f54b440a19336cbbcb27bf6ce6adc6f5a8"

[[package]]
name = "hex"
version = "0.4.3"
source = "registry+https://github.com/rust-lang/crates.io-index"
checksum = "7f24254aa9a54b5c858eaee2f5bccdb46aaf0e486a595ed5fd8f86ba55232a70"

[[package]]
name = "ident_case"
version = "1.0.1"
source = "registry+https://github.com/rust-lang/crates.io-index"
checksum = "b9e0384b61958566e926dc50660321d12159025e767c18e043daf26b70104c39"

[[package]]
name = "indexmap"
version = "2.2.6"
source = "registry+https://github.com/rust-lang/crates.io-index"
checksum = "168fb715dda47215e360912c096649d23d58bf392ac62f73919e831745e40f26"
dependencies = [
 "equivalent",
 "hashbrown",
]

[[package]]
name = "itoa"
version = "1.0.3"
source = "registry+https://github.com/rust-lang/crates.io-index"
checksum = "6c8af84674fe1f223a982c933a0ee1086ac4d4052aa0fb8060c12c6ad838e754"

[[package]]
name = "libc"
version = "0.2.132"
source = "registry+https://github.com/rust-lang/crates.io-index"
checksum = "8371e4e5341c3a96db127eb2465ac681ced4c433e01dd0e938adbef26ba93ba5"

[[package]]
name = "memchr"
version = "2.5.0"
source = "registry+https://github.com/rust-lang/crates.io-index"
checksum = "2dffe52ecf27772e601905b7522cb4ef790d2cc203488bbd0e2fe85fcb74566d"

[[package]]
name = "memory_units"
version = "0.4.0"
source = "registry+https://github.com/rust-lang/crates.io-index"
checksum = "8452105ba047068f40ff7093dd1d9da90898e63dd61736462e9cdda6a90ad3c3"

[[package]]
name = "near-account-id"
version = "1.0.0"
source = "registry+https://github.com/rust-lang/crates.io-index"
checksum = "35cbb989542587b47205e608324ddd391f0cee1c22b4b64ae49f458334b95907"
dependencies = [
 "borsh",
 "serde",
]

[[package]]
name = "near-bigint"
version = "1.0.1"
dependencies = [
 "near-sdk",
 "paste",
 "uint",
]

[[package]]
name = "near-gas"
version = "0.2.5"
source = "registry+https://github.com/rust-lang/crates.io-index"
checksum = "14e75c875026229902d065e4435804497337b631ec69ba746b102954273e9ad1"
dependencies = [
 "borsh",
 "serde",
]

[[package]]
name = "near-sdk"
version = "5.1.0"
source = "registry+https://github.com/rust-lang/crates.io-index"
checksum = "520234cfdf04a805ac2f04715889d096eb83fdd5b99ca7d0f8027ae473f891a8"
dependencies = [
 "base64",
 "borsh",
 "bs58",
 "near-account-id",
 "near-gas",
 "near-sdk-macros",
 "near-sys",
 "near-token",
 "once_cell",
 "serde",
 "serde_json",
 "wee_alloc",
]

[[package]]
name = "near-sdk-macros"
version = "5.1.0"
source = "registry+https://github.com/rust-lang/crates.io-index"
checksum = "ee2fe3fc30068c5f20e89b0985d6104c5cc1c6742dbc6efbf352be4189b9bbf7"
dependencies = [
 "Inflector",
 "darling",
 "proc-macro2",
 "quote",
 "serde",
 "serde_json",
 "strum",
 "strum_macros",
 "syn 2.0.60",
]

[[package]]
name = "near-sys"
version = "0.2.1"
source = "registry+https://github.com/rust-lang/crates.io-index"
checksum = "397688591acf8d3ebf2c2485ba32d4b24fc10aad5334e3ad8ec0b7179bfdf06b"

[[package]]
name = "near-token"
version = "0.2.0"
source = "registry+https://github.com/rust-lang/crates.io-index"
checksum = "7b68f3f8a2409f72b43efdbeff8e820b81e70824c49fee8572979d789d1683fb"
dependencies = [
 "borsh",
 "serde",
]

[[package]]
name = "near_groth16_verifier"
version = "1.0.1"
dependencies = [
 "near-bigint",
 "near-sdk",
 "rstest",
]

[[package]]
name = "once_cell"
version = "1.19.0"
source = "registry+https://github.com/rust-lang/crates.io-index"
checksum = "3fdb12b2476b595f9358c5161aa467c2438859caa136dec86c26fdd2efe17b92"

[[package]]
name = "paste"
version = "1.0.9"
source = "registry+https://github.com/rust-lang/crates.io-index"
checksum = "b1de2e551fb905ac83f73f7aedf2f0cb4a0da7e35efa24a202a936269f1f18e1"

[[package]]
name = "pin-project-lite"
version = "0.2.9"
source = "registry+https://github.com/rust-lang/crates.io-index"
checksum = "e0a7ae3ac2f1173085d398531c705756c94a4c56843785df85a60c1a0afac116"

[[package]]
name = "pin-utils"
version = "0.1.0"
source = "registry+https://github.com/rust-lang/crates.io-index"
checksum = "8b870d8c151b6f2fb93e84a13146138f05d02ed11c7e7c54f8826aaaf7c9f184"

[[package]]
name = "proc-macro-crate"
version = "3.1.0"
source = "registry+https://github.com/rust-lang/crates.io-index"
checksum = "6d37c51ca738a55da99dc0c4a34860fd675453b8b36209178c2249bb13651284"
dependencies = [
 "toml_edit",
]

[[package]]
name = "proc-macro-error"
version = "1.0.4"
source = "registry+https://github.com/rust-lang/crates.io-index"
checksum = "da25490ff9892aab3fcf7c36f08cfb902dd3e71ca0f9f9517bea02a73a5ce38c"
dependencies = [
 "proc-macro-error-attr",
 "proc-macro2",
 "quote",
 "version_check",
]

[[package]]
name = "proc-macro-error-attr"
version = "1.0.4"
source = "registry+https://github.com/rust-lang/crates.io-index"
checksum = "a1be40180e52ecc98ad80b184934baf3d0d29f979574e439af5a55274b35f869"
dependencies = [
 "proc-macro2",
 "quote",
 "version_check",
]

[[package]]
name = "proc-macro2"
version = "1.0.81"
source = "registry+https://github.com/rust-lang/crates.io-index"
checksum = "3d1597b0c024618f09a9c3b8655b7e430397a36d23fdafec26d6965e9eec3eba"
dependencies = [
 "unicode-ident",
]

[[package]]
name = "quote"
version = "1.0.36"
source = "registry+https://github.com/rust-lang/crates.io-index"
checksum = "0fa76aaf39101c457836aec0ce2316dbdc3ab723cdda1c6bd4e6ad4208acaca7"
dependencies = [
 "proc-macro2",
]

[[package]]
name = "rstest"
version = "0.14.0"
source = "registry+https://github.com/rust-lang/crates.io-index"
checksum = "86fcf8fa7e9f3b396a5967d7455c057532a81be5114c81d5b02fae9a1f8e21d7"
dependencies = [
 "futures",
 "futures-timer",
 "rstest_macros",
 "rustc_version",
]

[[package]]
name = "rstest_macros"
version = "0.14.0"
source = "registry+https://github.com/rust-lang/crates.io-index"
checksum = "5015e68a0685a95ade3eee617ff7101ab6a3fc689203101ca16ebc16f2b89c66"
dependencies = [
 "cfg-if 1.0.0",
 "proc-macro2",
 "quote",
 "rustc_version",
 "syn 1.0.99",
]

[[package]]
name = "rustc_version"
version = "0.4.0"
source = "registry+https://github.com/rust-lang/crates.io-index"
checksum = "bfa0f585226d2e68097d4f95d113b15b83a82e819ab25717ec0590d9584ef366"
dependencies = [
 "semver",
]

[[package]]
name = "rustversion"
version = "1.0.9"
source = "registry+https://github.com/rust-lang/crates.io-index"
checksum = "97477e48b4cf8603ad5f7aaf897467cf42ab4218a38ef76fb14c2d6773a6d6a8"

[[package]]
name = "ryu"
version = "1.0.11"
source = "registry+https://github.com/rust-lang/crates.io-index"
checksum = "4501abdff3ae82a1c1b477a17252eb69cee9e66eb915c1abaa4f44d873df9f09"

[[package]]
name = "semver"
version = "1.0.13"
source = "registry+https://github.com/rust-lang/crates.io-index"
checksum = "93f6841e709003d68bb2deee8c343572bf446003ec20a583e76f7b15cebf3711"

[[package]]
name = "serde"
version = "1.0.144"
source = "registry+https://github.com/rust-lang/crates.io-index"
checksum = "0f747710de3dcd43b88c9168773254e809d8ddbdf9653b84e2554ab219f17860"
dependencies = [
 "serde_derive",
]

[[package]]
name = "serde_derive"
version = "1.0.144"
source = "registry+https://github.com/rust-lang/crates.io-index"
checksum = "94ed3a816fb1d101812f83e789f888322c34e291f894f19590dc310963e87a00"
dependencies = [
 "proc-macro2",
 "quote",
 "syn 1.0.99",
]

[[package]]
name = "serde_json"
version = "1.0.85"
source = "registry+https://github.com/rust-lang/crates.io-index"
checksum = "e55a28e3aaef9d5ce0506d0a14dbba8054ddc7e499ef522dd8b26859ec9d4a44"
dependencies = [
 "itoa",
 "ryu",
 "serde",
]

[[package]]
name = "slab"
version = "0.4.7"
source = "registry+https://github.com/rust-lang/crates.io-index"
checksum = "4614a76b2a8be0058caa9dbbaf66d988527d86d003c11a94fbd335d7661edcef"
dependencies = [
 "autocfg",
]

[[package]]
name = "static_assertions"
version = "1.1.0"
source = "registry+https://github.com/rust-lang/crates.io-index"
checksum = "a2eb9349b6444b326872e140eb1cf5e7c522154d69e7a0ffb0fb81c06b37543f"

[[package]]
name = "strum"
version = "0.26.2"
source = "registry+https://github.com/rust-lang/crates.io-index"
checksum = "5d8cec3501a5194c432b2b7976db6b7d10ec95c253208b45f83f7136aa985e29"

[[package]]
name = "strum_macros"
version = "0.26.2"
source = "registry+https://github.com/rust-lang/crates.io-index"
checksum = "c6cf59daf282c0a494ba14fd21610a0325f9f90ec9d1231dea26bcb1d696c946"
dependencies = [
 "heck",
 "proc-macro2",
 "quote",
 "rustversion",
 "syn 2.0.60",
]

[[package]]
name = "syn"
version = "1.0.99"
source = "registry+https://github.com/rust-lang/crates.io-index"
checksum = "58dbef6ec655055e20b86b15a8cc6d439cca19b667537ac6a1369572d151ab13"
dependencies = [
 "proc-macro2",
 "quote",
 "unicode-ident",
]

[[package]]
name = "syn"
version = "2.0.60"
source = "registry+https://github.com/rust-lang/crates.io-index"
checksum = "909518bc7b1c9b779f1bbf07f2929d35af9f0f37e47c6e9ef7f9dddc1e1821f3"
dependencies = [
 "proc-macro2",
 "quote",
 "unicode-ident",
]

[[package]]
name = "syn_derive"
version = "0.1.8"
source = "registry+https://github.com/rust-lang/crates.io-index"
checksum = "1329189c02ff984e9736652b1631330da25eaa6bc639089ed4915d25446cbe7b"
dependencies = [
 "proc-macro-error",
 "proc-macro2",
 "quote",
 "syn 2.0.60",
]

[[package]]
name = "tinyvec"
version = "1.6.0"
source = "registry+https://github.com/rust-lang/crates.io-index"
checksum = "87cc5ceb3875bb20c2890005a4e226a4651264a5c75edb2421b52861a0a0cb50"
dependencies = [
 "tinyvec_macros",
]

[[package]]
name = "tinyvec_macros"
version = "0.1.1"
source = "registry+https://github.com/rust-lang/crates.io-index"
checksum = "1f3ccbac311fea05f86f61904b462b55fb3df8837a366dfc601a0161d0532f20"

[[package]]
name = "toml_datetime"
version = "0.6.5"
source = "registry+https://github.com/rust-lang/crates.io-index"
checksum = "3550f4e9685620ac18a50ed434eb3aec30db8ba93b0287467bca5826ea25baf1"

[[package]]
name = "toml_edit"
version = "0.21.1"
source = "registry+https://github.com/rust-lang/crates.io-index"
checksum = "6a8534fd7f78b5405e860340ad6575217ce99f38d4d5c8f2442cb5ecb50090e1"
dependencies = [
 "indexmap",
 "toml_datetime",
 "winnow",
]

[[package]]
name = "uint"
version = "0.9.3"
source = "registry+https://github.com/rust-lang/crates.io-index"
checksum = "12f03af7ccf01dd611cc450a0d10dbc9b745770d096473e2faf0ca6e2d66d1e0"
dependencies = [
 "byteorder",
 "crunchy",
 "hex",
 "static_assertions",
]

[[package]]
name = "unicode-ident"
version = "1.0.3"
source = "registry+https://github.com/rust-lang/crates.io-index"
checksum = "c4f5b37a154999a8f3f98cc23a628d850e154479cd94decf3414696e12e31aaf"

[[package]]
name = "verifier_test"
version = "1.0.0"
dependencies = [
 "borsh",
 "near-bigint",
 "near-sdk",
 "near_groth16_verifier",
]

[[package]]
name = "version_check"
version = "0.9.4"
source = "registry+https://github.com/rust-lang/crates.io-index"
checksum = "49874b5167b65d7193b8aba1567f5c7d93d001cafc34600cee003eda787e483f"

[[package]]
name = "wee_alloc"
version = "0.4.5"
source = "registry+https://github.com/rust-lang/crates.io-index"
checksum = "dbb3b5a6b2bb17cb6ad44a2e68a43e8d2722c997da10e928665c72ec6c0a0b8e"
dependencies = [
 "cfg-if 0.1.10",
 "libc",
 "memory_units",
 "winapi",
]

[[package]]
name = "winapi"
version = "0.3.9"
source = "registry+https://github.com/rust-lang/crates.io-index"
checksum = "5c839a674fcd7a98952e593242ea400abe93992746761e38641405d28b00f419"
dependencies = [
 "winapi-i686-pc-windows-gnu",
 "winapi-x86_64-pc-windows-gnu",
]

[[package]]
name = "winapi-i686-pc-windows-gnu"
version = "0.4.0"
source = "registry+https://github.com/rust-lang/crates.io-index"
checksum = "ac3b87c63620426dd9b991e5ce0329eff545bccbbb34f3be09ff6fb6ab51b7b6"

[[package]]
name = "winapi-x86_64-pc-windows-gnu"
version = "0.4.0"
source = "registry+https://github.com/rust-lang/crates.io-index"
checksum = "712e227841d057c1ee1cd2fb22fa7e5a5461ae8e48fa2ca79ec42cfc1931183f"

[[package]]
name = "winnow"
version = "0.5.40"
source = "registry+https://github.com/rust-lang/crates.io-index"
checksum = "f593a95398737aeed53e489c785df13f3618e41dbcd6718c6addbf1395aa6876"
dependencies = [
 "memchr",
]
